
Microsoft Visual Studio Solution File, Format Version 12.00
# Visual Studio Version 17
VisualStudioVersion = 17.9.34714.143
MinimumVisualStudioVersion = 10.0.40219.1
Project("{FAE04EC0-301F-11D3-BF4B-00C04F79EFBC}") = "HardwareShopManagement", "HardwareShopManagement.csproj", "{D0005E9A-DBEB-46F9-9BDF-461E39B31A07}"
EndProject
Global
	GlobalSection(SolutionConfigurationPlatforms) = preSolution
		Debug|Any CPU = Debug|Any CPU
		Release|Any CPU = Release|Any CPU
	EndGlobalSection
	GlobalSection(ProjectConfigurationPlatforms) = postSolution
		{D0005E9A-DBEB-46F9-9BDF-461E39B31A07}.Debug|Any CPU.ActiveCfg = Debug|Any CPU
		{D0005E9A-DBEB-46F9-9BDF-461E39B31A07}.Debug|Any CPU.Build.0 = Debug|Any CPU
		{D0005E9A-DBEB-46F9-9BDF-461E39B31A07}.Release|Any CPU.ActiveCfg = Release|Any CPU
		{D0005E9A-DBEB-46F9-9BDF-461E39B31A07}.Release|Any CPU.Build.0 = Release|Any CPU
	EndGlobalSection
	GlobalSection(SolutionProperties) = preSolution
		HideSolutionNode = FALSE
	EndGlobalSection
	GlobalSection(ExtensibilityGlobals) = postSolution
		SolutionGuid = {0D98B227-B52B-41D3-943A-23FD2A576FB6}
	EndGlobalSection
EndGlobal
